{
  "name": "jetstate",
  "version": "1.1.1",
  "lockfileVersion": 1,
  "requires": true,
  "dependencies": {
    "jetemit": {
      "version": "3.0.9",
      "resolved": "https://registry.npmjs.org/jetemit/-/jetemit-3.0.9.tgz",
      "integrity": "sha512-xQB6lz3MMMOX+7CsDHKzeGp3bwskGvEdVzJq7KphZW168dp1KrGEBOT/hpc/DrAEQH8i9cJFecpNaFy3OD6soQ=="
    }
  }
}
